
Microsoft Visual Studio Solution File, Format Version 12.00
# Visual Studio Version 17
VisualStudioVersion = 17.13.35931.197
MinimumVisualStudioVersion = 10.0.40219.1
Project("{FAE04EC0-301F-11D3-BF4B-00C04F79EFBC}") = "RGZ", "WinFormsApp1\RGZ.csproj", "{FA9AC85C-66A3-499F-A788-E47B8250AF44}"
EndProject
Global
	GlobalSection(SolutionConfigurationPlatforms) = preSolution
		Debug|Any CPU = Debug|Any CPU
		Release|Any CPU = Release|Any CPU
	EndGlobalSection
	GlobalSection(ProjectConfigurationPlatforms) = postSolution
		{FA9AC85C-66A3-499F-A788-E47B8250AF44}.Debug|Any CPU.ActiveCfg = Debug|Any CPU
		{FA9AC85C-66A3-499F-A788-E47B8250AF44}.Debug|Any CPU.Build.0 = Debug|Any CPU
		{FA9AC85C-66A3-499F-A788-E47B8250AF44}.Release|Any CPU.ActiveCfg = Release|Any CPU
		{FA9AC85C-66A3-499F-A788-E47B8250AF44}.Release|Any CPU.Build.0 = Release|Any CPU
	EndGlobalSection
	GlobalSection(SolutionProperties) = preSolution
		HideSolutionNode = FALSE
	EndGlobalSection
	GlobalSection(ExtensibilityGlobals) = postSolution
		SolutionGuid = {67E1DB09-A46B-4BBF-BC1D-789B3E3946EE}
	EndGlobalSection
EndGlobal
